
Microsoft Visual Studio Solution File, Format Version 12.00
# Visual Studio Version 17
VisualStudioVersion = 17.7.34202.233
MinimumVisualStudioVersion = 10.0.40219.1
Project("{8BC9CEB8-8B4A-11D0-8D11-00A0C91BC942}") = "Project7", "Project7.vcxproj", "{BA868887-A750-4E86-B5F0-AC04BA61883E}"
EndProject
Global
	GlobalSection(SolutionConfigurationPlatforms) = preSolution
		Debug|x64 = Debug|x64
		Debug|x86 = Debug|x86
		Release|x64 = Release|x64
		Release|x86 = Release|x86
	EndGlobalSection
	GlobalSection(ProjectConfigurationPlatforms) = postSolution
		{BA868887-A750-4E86-B5F0-AC04BA61883E}.Debug|x64.ActiveCfg = Debug|x64
		{BA868887-A750-4E86-B5F0-AC04BA61883E}.Debug|x64.Build.0 = Debug|x64
		{BA868887-A750-4E86-B5F0-AC04BA61883E}.Debug|x86.ActiveCfg = Debug|Win32
		{BA868887-A750-4E86-B5F0-AC04BA61883E}.Debug|x86.Build.0 = Debug|Win32
		{BA868887-A750-4E86-B5F0-AC04BA61883E}.Release|x64.ActiveCfg = Release|x64
		{BA868887-A750-4E86-B5F0-AC04BA61883E}.Release|x64.Build.0 = Release|x64
		{BA868887-A750-4E86-B5F0-AC04BA61883E}.Release|x86.ActiveCfg = Release|Win32
		{BA868887-A750-4E86-B5F0-AC04BA61883E}.Release|x86.Build.0 = Release|Win32
	EndGlobalSection
	GlobalSection(SolutionProperties) = preSolution
		HideSolutionNode = FALSE
	EndGlobalSection
	GlobalSection(ExtensibilityGlobals) = postSolution
		SolutionGuid = {56BD7B55-9528-4F21-A42D-6D8B8EC0EEA3}
	EndGlobalSection
EndGlobal
