
Microsoft Visual Studio Solution File, Format Version 12.00
# Visual Studio Version 17
VisualStudioVersion = 17.7.34202.233
MinimumVisualStudioVersion = 10.0.40219.1
Project("{8BC9CEB8-8B4A-11D0-8D11-00A0C91BC942}") = "Project19", "Project19.vcxproj", "{B3D62E3B-5DBB-4E11-AC89-F7A1D5590639}"
EndProject
Global
	GlobalSection(SolutionConfigurationPlatforms) = preSolution
		Debug|x64 = Debug|x64
		Debug|x86 = Debug|x86
		Release|x64 = Release|x64
		Release|x86 = Release|x86
	EndGlobalSection
	GlobalSection(ProjectConfigurationPlatforms) = postSolution
		{B3D62E3B-5DBB-4E11-AC89-F7A1D5590639}.Debug|x64.ActiveCfg = Debug|x64
		{B3D62E3B-5DBB-4E11-AC89-F7A1D5590639}.Debug|x64.Build.0 = Debug|x64
		{B3D62E3B-5DBB-4E11-AC89-F7A1D5590639}.Debug|x86.ActiveCfg = Debug|Win32
		{B3D62E3B-5DBB-4E11-AC89-F7A1D5590639}.Debug|x86.Build.0 = Debug|Win32
		{B3D62E3B-5DBB-4E11-AC89-F7A1D5590639}.Release|x64.ActiveCfg = Release|x64
		{B3D62E3B-5DBB-4E11-AC89-F7A1D5590639}.Release|x64.Build.0 = Release|x64
		{B3D62E3B-5DBB-4E11-AC89-F7A1D5590639}.Release|x86.ActiveCfg = Release|Win32
		{B3D62E3B-5DBB-4E11-AC89-F7A1D5590639}.Release|x86.Build.0 = Release|Win32
	EndGlobalSection
	GlobalSection(SolutionProperties) = preSolution
		HideSolutionNode = FALSE
	EndGlobalSection
	GlobalSection(ExtensibilityGlobals) = postSolution
		SolutionGuid = {92DC1752-600A-4A5C-8233-A4CA587DC2A9}
	EndGlobalSection
EndGlobal
